// !$*UTF8*$!
{
	archiveVersion = 1;
	classes = {
	};
	objectVersion = 48;
	objects = {

/* Begin PBXBuildFile section */
		95A9CC7F2026AEB4005CAF67 /* AppDelegate.swift in Sources */ = {isa = PBXBuildFile; fileRef = 95A9CC7E2026AEB4005CAF67 /* AppDelegate.swift */; };
		95A9CC812026AEB4005CAF67 /* ViewController.swift in Sources */ = {isa = PBXBuildFile; fileRef = 95A9CC802026AEB4005CAF67 /* ViewController.swift */; };
		95A9CC842026AEB4005CAF67 /* Main.storyboard in Resources */ = {isa = PBXBuildFile; fileRef = 95A9CC822026AEB4005CAF67 /* Main.storyboard */; };
		95A9CC862026AEB4005CAF67 /* Assets.xcassets in Resources */ = {isa = PBXBuildFile; fileRef = 95A9CC852026AEB4005CAF67 /* Assets.xcassets */; };
		95A9CC892026AEB4005CAF67 /* LaunchScreen.storyboard in Resources */ = {isa = PBXBuildFile; fileRef = 95A9CC872026AEB4005CAF67 /* LaunchScreen.storyboard */; };
		95A9CC942026AEB4005CAF67 /* Word_GardenTests.swift in Sources */ = {isa = PBXBuildFile; fileRef = 95A9CC932026AEB4005CAF67 /* Word_GardenTests.swift */; };
/* End PBXBuildFile section */

/* Begin PBXContainerItemProxy section */
		95A9CC902026AEB4005CAF67 /* PBXContainerItemProxy */ = {
			isa = PBXContainerItemProxy;
			containerPortal = 95A9CC732026AEB4005CAF67 /* Project object */;
			proxyType = 1;
			remoteGlobalIDString = 95A9CC7A2026AEB4005CAF67;
			remoteInfo = "Word Garden";
		};
/* End PBXContainerItemProxy section */

/* Begin PBXFileReference section */
		95A9CC7B2026AEB4005CAF67 /* Word Garden.app */ = {isa = PBXFileReference; explicitFileType = wrapper.application; includeInIndex = 0; path = "Word Garden.app"; sourceTree = BUILT_PRODUCTS_DIR; };
		95A9CC7E2026AEB4005CAF67 /* AppDelegate.swift */ = {isa = PBXFileReference; lastKnownFileType = sourcecode.swift; path = AppDelegate.swift; sourceTree = "<group>"; };
		95A9CC802026AEB4005CAF67 /* ViewController.swift */ = {isa = PBXFileReference; lastKnownFileType = sourcecode.swift; path = ViewController.swift; sourceTree = "<group>"; };
		95A9CC832026AEB4005CAF67 /* Base */ = {isa = PBXFileReference; lastKnownFileType = file.storyboard; name = Base; path = Base.lproj/Main.storyboard; sourceTree = "<group>"; };
		95A9CC852026AEB4005CAF67 /* Assets.xcassets */ = {isa = PBXFileReference; lastKnownFileType = folder.assetcatalog; path = Assets.xcassets; sourceTree = "<group>"; };
		95A9CC882026AEB4005CAF67 /* Base */ = {isa = PBXFileReference; lastKnownFileType = file.storyboard; name = Base; path = Base.lproj/LaunchScreen.storyboard; sourceTree = "<group>"; };
		95A9CC8A2026AEB4005CAF67 /* Info.plist */ = {isa = PBXFileReference; lastKnownFileType = text.plist.xml; path = Info.plist; sourceTree = "<group>"; };
		95A9CC8F2026AEB4005CAF67 /* Word GardenTests.xctest */ = {isa = PBXFileReference; explicitFileType = wrapper.cfbundle; includeInIndex = 0; path = "Word GardenTests.xctest"; sourceTree = BUILT_PRODUCTS_DIR; };
		95A9CC932026AEB4005CAF67 /* Word_GardenTests.swift */ = {isa = PBXFileReference; lastKnownFileType = sourcecode.swift; path = Word_GardenTests.swift; sourceTree = "<group>"; };
		95A9CC952026AEB4005CAF67 /* Info.plist */ = {isa = PBXFileReference; lastKnownFileType = text.plist.xml; path = Info.plist; sourceTree = "<group>"; };
/* End PBXFileReference section */

/* Begin PBXFrameworksBuildPhase section */
		95A9CC782026AEB4005CAF67 /* Frameworks */ = {
			isa = PBXFrameworksBuildPhase;
			buildActionMask = 2147483647;
			files = (
			);
			runOnlyForDeploymentPostprocessing = 0;
		};
		95A9CC8C2026AEB4005CAF67 /* Frameworks */ = {
			isa = PBXFrameworksBuildPhase;
			buildActionMask = 2147483647;
			files = (
			);
			runOnlyForDeploymentPostprocessing = 0;
		};
/* End PBXFrameworksBuildPhase section */

/* Begin PBXGroup section */
		95A9CC722026AEB4005CAF67 = {
			isa = PBXGroup;
			children = (
				95A9CC7D2026AEB4005CAF67 /* Word Garden */,
				95A9CC922026AEB4005CAF67 /* Word GardenTests */,
				95A9CC7C2026AEB4005CAF67 /* Products */,
			);
			sourceTree = "<group>";
		};
		95A9CC7C2026AEB4005CAF67 /* Products */ = {
			isa = PBXGroup;
			children = (
				95A9CC7B2026AEB4005CAF67 /* Word Garden.app */,
				95A9CC8F2026AEB4005CAF67 /* Word GardenTests.xctest */,
			);
			name = Products;
			sourceTree = "<group>";
		};
		95A9CC7D2026AEB4005CAF67 /* Word Garden */ = {
			isa = PBXGroup;
			children = (
				95A9CC7E2026AEB4005CAF67 /* AppDelegate.swift */,
				95A9CC802026AEB4005CAF67 /* ViewController.swift */,
				95A9CC822026AEB4005CAF67 /* Main.storyboard */,
				95A9CC852026AEB4005CAF67 /* Assets.xcassets */,
				95A9CC872026AEB4005CAF67 /* LaunchScreen.storyboard */,
				95A9CC8A2026AEB4005CAF67 /* Info.plist */,
			);
			path = "Word Garden";
			sourceTree = "<group>";
		};
		95A9CC922026AEB4005CAF67 /* Word GardenTests */ = {
			isa = PBXGroup;
			children = (
				95A9CC932026AEB4005CAF67 /* Word_GardenTests.swift */,
				95A9CC952026AEB4005CAF67 /* Info.plist */,
			);
			path = "Word GardenTests";
			sourceTree = "<group>";
		};
/* End PBXGroup section */

/* Begin PBXNativeTarget section */
		95A9CC7A2026AEB4005CAF67 /* Word Garden */ = {
			isa = PBXNativeTarget;
			buildConfigurationList = 95A9CC982026AEB4005CAF67 /* Build configuration list for PBXNativeTarget "Word Garden" */;
			buildPhases = (
				95A9CC772026AEB4005CAF67 /* Sources */,
				95A9CC782026AEB4005CAF67 /* Frameworks */,
				95A9CC792026AEB4005CAF67 /* Resources */,
			);
			buildRules = (
			);
			dependencies = (
			);
			name = "Word Garden";
			productName = "Word Garden";
			productReference = 95A9CC7B2026AEB4005CAF67 /* Word Garden.app */;
			productType = "com.apple.product-type.application";
		};
		95A9CC8E2026AEB4005CAF67 /* Word GardenTests */ = {
			isa = PBXNativeTarget;
			buildConfigurationList = 95A9CC9B2026AEB4005CAF67 /* Build configuration list for PBXNativeTarget "Word GardenTests" */;
			buildPhases = (
				95A9CC8B2026AEB4005CAF67 /* Sources */,
				95A9CC8C2026AEB4005CAF67 /* Frameworks */,
				95A9CC8D2026AEB4005CAF67 /* Resources */,
			);
			buildRules = (
			);
			dependencies = (
				95A9CC912026AEB4005CAF67 /* PBXTargetDependency */,
			);
			name = "Word GardenTests";
			productName = "Word GardenTests";
			productReference = 95A9CC8F2026AEB4005CAF67 /* Word GardenTests.xctest */;
			productType = "com.apple.product-type.bundle.unit-test";
		};
/* End PBXNativeTarget section */

/* Begin PBXProject section */
		95A9CC732026AEB4005CAF67 /* Project object */ = {
			isa = PBXProject;
			attributes = {
				LastSwiftUpdateCheck = 0920;
				LastUpgradeCheck = 0920;
				ORGANIZATIONNAME = "Lurein Perera";
				TargetAttributes = {
					95A9CC7A2026AEB4005CAF67 = {
						CreatedOnToolsVersion = 9.2;
						ProvisioningStyle = Automatic;
					};
					95A9CC8E2026AEB4005CAF67 = {
						CreatedOnToolsVersion = 9.2;
						ProvisioningStyle = Automatic;
						TestTargetID = 95A9CC7A2026AEB4005CAF67;
					};
				};
			};
			buildConfigurationList = 95A9CC762026AEB4005CAF67 /* Build configuration list for PBXProject "Word Garden" */;
			compatibilityVersion = "Xcode 8.0";
			developmentRegion = en;
			hasScannedForEncodings = 0;
			knownRegions = (
				en,
				Base,
			);
			mainGroup = 95A9CC722026AEB4005CAF67;
			productRefGroup = 95A9CC7C2026AEB4005CAF67 /* Products */;
			projectDirPath = "";
			projectRoot = "";
			targets = (
				95A9CC7A2026AEB4005CAF67 /* Word Garden */,
				95A9CC8E2026AEB4005CAF67 /* Word GardenTests */,
			);
		};
/* End PBXProject section */

/* Begin PBXResourcesBuildPhase section */
		95A9CC792026AEB4005CAF67 /* Resources */ = {
			isa = PBXResourcesBuildPhase;
			buildActionMask = 2147483647;
			files = (
				95A9CC892026AEB4005CAF67 /* LaunchScreen.storyboard in Resources */,
				95A9CC862026AEB4005CAF67 /* Assets.xcassets in Resources */,
				95A9CC842026AEB4005CAF67 /* Main.storyboard in Resources */,
			);
			runOnlyForDeploymentPostprocessing = 0;
		};
		95A9CC8D2026AEB4005CAF67 /* Resources */ = {
			isa = PBXResourcesBuildPhase;
			buildActionMask = 2147483647;
			files = (
			);
			runOnlyForDeploymentPostprocessing = 0;
		};
/* End PBXResourcesBuildPhase section */

/* Begin PBXSourcesBuildPhase section */
		95A9CC772026AEB4005CAF67 /* Sources */ = {
			isa = PBXSourcesBuildPhase;
			buildActionMask = 2147483647;
			files = (
				95A9CC812026AEB4005CAF67 /* ViewController.swift in Sources */,
				95A9CC7F2026AEB4005CAF67 /* AppDelegate.swift in Sources */,
			);
			runOnlyForDeploymentPostprocessing = 0;
		};
		95A9CC8B2026AEB4005CAF67 /* Sources */ = {
			isa = PBXSourcesBuildPhase;
			buildActionMask = 2147483647;
			files = (
				95A9CC942026AEB4005CAF67 /* Word_GardenTests.swift in Sources */,
			);
			runOnlyForDeploymentPostprocessing = 0;
		};
/* End PBXSourcesBuildPhase section */

/* Begin PBXTargetDependency section */
		95A9CC912026AEB4005CAF67 /* PBXTargetDependency */ = {
			isa = PBXTargetDependency;
			target = 95A9CC7A2026AEB4005CAF67 /* Word Garden */;
			targetProxy = 95A9CC902026AEB4005CAF67 /* PBXContainerItemProxy */;
		};
/* End PBXTargetDependency section */

/* Begin PBXVariantGroup section */
		95A9CC822026AEB4005CAF67 /* Main.storyboard */ = {
			isa = PBXVariantGroup;
			children = (
				95A9CC832026AEB4005CAF67 /* Base */,
			);
			name = Main.storyboard;
			sourceTree = "<group>";
		};
		95A9CC872026AEB4005CAF67 /* LaunchScreen.storyboard */ = {
			isa = PBXVariantGroup;
			children = (
				95A9CC882026AEB4005CAF67 /* Base */,
			);
			name = LaunchScreen.storyboard;
			sourceTree = "<group>";
		};
/* End PBXVariantGroup section */

/* Begin XCBuildConfiguration section */
		95A9CC962026AEB4005CAF67 /* Debug */ = {
			isa = XCBuildConfiguration;
			buildSettings = {
				ALWAYS_SEARCH_USER_PATHS = NO;
				CLANG_ANALYZER_NONNULL = YES;
				CLANG_ANALYZER_NUMBER_OBJECT_CONVERSION = YES_AGGRESSIVE;
				CLANG_CXX_LANGUAGE_STANDARD = "gnu++14";
				CLANG_CXX_LIBRARY = "libc++";
				CLANG_ENABLE_MODULES = YES;
				CLANG_ENABLE_OBJC_ARC = YES;
				CLANG_WARN_BLOCK_CAPTURE_AUTORELEASING = YES;
				CLANG_WARN_BOOL_CONVERSION = YES;
				CLANG_WARN_COMMA = YES;
				CLANG_WARN_CONSTANT_CONVERSION = YES;
				CLANG_WARN_DIRECT_OBJC_ISA_USAGE = YES_ERROR;
				CLANG_WARN_DOCUMENTATION_COMMENTS = YES;
				CLANG_WARN_EMPTY_BODY = YES;
				CLANG_WARN_ENUM_CONVERSION = YES;
				CLANG_WARN_INFINITE_RECURSION = YES;
				CLANG_WARN_INT_CONVERSION = YES;
				CLANG_WARN_NON_LITERAL_NULL_CONVERSION = YES;
				CLANG_WARN_OBJC_LITERAL_CONVERSION = YES;
				CLANG_WARN_OBJC_ROOT_CLASS = YES_ERROR;
				CLANG_WARN_RANGE_LOOP_ANALYSIS = YES;
				CLANG_WARN_STRICT_PROTOTYPES = YES;
				CLANG_WARN_SUSPICIOUS_MOVE = YES;
				CLANG_WARN_UNGUARDED_AVAILABILITY = YES_AGGRESSIVE;
				CLANG_WARN_UNREACHABLE_CODE = YES;
				CLANG_WARN__DUPLICATE_METHOD_MATCH = YES;
				CODE_SIGN_IDENTITY = "iPhone Developer";
				COPY_PHASE_STRIP = NO;
				DEBUG_INFORMATION_FORMAT = dwarf;
				ENABLE_STRICT_OBJC_MSGSEND = YES;
				ENABLE_TESTABILITY = YES;
				GCC_C_LANGUAGE_STANDARD = gnu11;
				GCC_DYNAMIC_NO_PIC = NO;
				GCC_NO_COMMON_BLOCKS = YES;
				GCC_OPTIMIZATION_LEVEL = 0;
				GCC_PREPROCESSOR_DEFINITIONS = (
					"DEBUG=1",
					"$(inherited)",
				);
				GCC_WARN_64_TO_32_BIT_CONVERSION = YES;
				GCC_WARN_ABOUT_RETURN_TYPE = YES_ERROR;
				GCC_WARN_UNDECLARED_SELECTOR = YES;
				GCC_WARN_UNINITIALIZED_AUTOS = YES_AGGRESSIVE;
				GCC_WARN_UNUSED_FUNCTION = YES;
				GCC_WARN_UNUSED_VARIABLE = YES;
				IPHONEOS_DEPLOYMENT_TARGET = 11.2;
				MTL_ENABLE_DEBUG_INFO = YES;
				ONLY_ACTIVE_ARCH = YES;
				SDKROOT = iphoneos;
				SWIFT_ACTIVE_COMPILATION_CONDITIONS = DEBUG;
				SWIFT_OPTIMIZATION_LEVEL = "-Onone";
			};
			name = Debug;
		};
		95A9CC972026AEB4005CAF67 /* Release */ = {
			isa = XCBuildConfiguration;
			buildSettings = {
				ALWAYS_SEARCH_USER_PATHS = NO;
				CLANG_ANALYZER_NONNULL = YES;
				CLANG_ANALYZER_NUMBER_OBJECT_CONVERSION = YES_AGGRESSIVE;
				CLANG_CXX_LANGUAGE_STANDARD = "gnu++14";
				CLANG_CXX_LIBRARY = "libc++";
				CLANG_ENABLE_MODULES = YES;
				CLANG_ENABLE_OBJC_ARC = YES;
				CLANG_WARN_BLOCK_CAPTURE_AUTORELEASING = YES;
				CLANG_WARN_BOOL_CONVERSION = YES;
				CLANG_WARN_COMMA = YES;
				CLANG_WARN_CONSTANT_CONVERSION = YES;
				CLANG_WARN_DIRECT_OBJC_ISA_USAGE = YES_ERROR;
				CLANG_WARN_DOCUMENTATION_COMMENTS = YES;
				CLANG_WARN_EMPTY_BODY = YES;
				CLANG_WARN_ENUM_CONVERSION = YES;
				CLANG_WARN_INFINITE_RECURSION = YES;
				CLANG_WARN_INT_CONVERSION = YES;
				CLANG_WARN_NON_LITERAL_NULL_CONVERSION = YES;
				CLANG_WARN_OBJC_LITERAL_CONVERSION = YES;
				CLANG_WARN_OBJC_ROOT_CLASS = YES_ERROR;
				CLANG_WARN_RANGE_LOOP_ANALYSIS = YES;
				CLANG_WARN_STRICT_PROTOTYPES = YES;
				CLANG_WARN_SUSPICIOUS_MOVE = YES;
				CLANG_WARN_UNGUARDED_AVAILABILITY = YES_AGGRESSIVE;
				CLANG_WARN_UNREACHABLE_CODE = YES;
				CLANG_WARN__DUPLICATE_METHOD_MATCH = YES;
				CODE_SIGN_IDENTITY = "iPhone Developer";
				COPY_PHASE_STRIP = NO;
				DEBUG_INFORMATION_FORMAT = "dwarf-with-dsym";
				ENABLE_NS_ASSERTIONS = NO;
				ENABLE_STRICT_OBJC_MSGSEND = YES;
				GCC_C_LANGUAGE_STANDARD = gnu11;
				GCC_NO_COMMON_BLOCKS = YES;
				GCC_WARN_64_TO_32_BIT_CONVERSION = YES;
				GCC_WARN_ABOUT_RETURN_TYPE = YES_ERROR;
				GCC_WARN_UNDECLARED_SELECTOR = YES;
				GCC_WARN_UNINITIALIZED_AUTOS = YES_AGGRESSIVE;
				GCC_WARN_UNUSED_FUNCTION = YES;
				GCC_WARN_UNUSED_VARIABLE = YES;
				IPHONEOS_DEPLOYMENT_TARGET = 11.2;
				MTL_ENABLE_DEBUG_INFO = NO;
				SDKROOT = iphoneos;
				SWIFT_OPTIMIZATION_LEVEL = "-Owholemodule";
				VALIDATE_PRODUCT = YES;
			};
			name = Release;
		};
		95A9CC992026AEB4005CAF67 /* Debug */ = {
			isa = XCBuildConfiguration;
			buildSettings = {
				ASSETCATALOG_COMPILER_APPICON_NAME = AppIcon;
				CODE_SIGN_STYLE = Automatic;
				INFOPLIST_FILE = "Word Garden/Info.plist";
				LD_RUNPATH_SEARCH_PATHS = "$(inherited) @executable_path/Frameworks";
				PRODUCT_BUNDLE_IDENTIFIER = "GLRLP.Word-Garden";
				PRODUCT_NAME = "$(TARGET_NAME)";
				SWIFT_VERSION = 4.0;
				TARGETED_DEVICE_FAMILY = "1,2";
			};
			name = Debug;
		};
		95A9CC9A2026AEB4005CAF67 /* Release */ = {
			isa = XCBuildConfiguration;
			buildSettings = {
				ASSETCATALOG_COMPILER_APPICON_NAME = AppIcon;
				CODE_SIGN_STYLE = Automatic;
				INFOPLIST_FILE = "Word Garden/Info.plist";
				LD_RUNPATH_SEARCH_PATHS = "$(inherited) @executable_path/Frameworks";
				PRODUCT_BUNDLE_IDENTIFIER = "GLRLP.Word-Garden";
				PRODUCT_NAME = "$(TARGET_NAME)";
				SWIFT_VERSION = 4.0;
				TARGETED_DEVICE_FAMILY = "1,2";
			};
			name = Release;
		};
		95A9CC9C2026AEB4005CAF67 /* Debug */ = {
			isa = XCBuildConfiguration;
			buildSettings = {
				ALWAYS_EMBED_SWIFT_STANDARD_LIBRARIES = YES;
				BUNDLE_LOADER = "$(TEST_HOST)";
				CODE_SIGN_STYLE = Automatic;
				INFOPLIST_FILE = "Word GardenTests/Info.plist";
				LD_RUNPATH_SEARCH_PATHS = "$(inherited) @executable_path/Frameworks @loader_path/Frameworks";
				PRODUCT_BUNDLE_IDENTIFIER = "GLRLP.Word-GardenTests";
				PRODUCT_NAME = "$(TARGET_NAME)";
				SWIFT_VERSION = 4.0;
				TARGETED_DEVICE_FAMILY = "1,2";
				TEST_HOST = "$(BUILT_PRODUCTS_DIR)/Word Garden.app/Word Garden";
			};
			name = Debug;
		};
		95A9CC9D2026AEB4005CAF67 /* Release */ = {
			isa = XCBuildConfiguration;
			buildSettings = {
				ALWAYS_EMBED_SWIFT_STANDARD_LIBRARIES = YES;
				BUNDLE_LOADER = "$(TEST_HOST)";
				CODE_SIGN_STYLE = Automatic;
				INFOPLIST_FILE = "Word GardenTests/Info.plist";
				LD_RUNPATH_SEARCH_PATHS = "$(inherited) @executable_path/Frameworks @loader_path/Frameworks";
				PRODUCT_BUNDLE_IDENTIFIER = "GLRLP.Word-GardenTests";
				PRODUCT_NAME = "$(TARGET_NAME)";
				SWIFT_VERSION = 4.0;
				TARGETED_DEVICE_FAMILY = "1,2";
				TEST_HOST = "$(BUILT_PRODUCTS_DIR)/Word Garden.app/Word Garden";
			};
			name = Release;
		};
/* End XCBuildConfiguration section */

/* Begin XCConfigurationList section */
		95A9CC762026AEB4005CAF67 /* Build configuration list for PBXProject "Word Garden" */ = {
			isa = XCConfigurationList;
			buildConfigurations = (
				95A9CC962026AEB4005CAF67 /* Debug */,
				95A9CC972026AEB4005CAF67 /* Release */,
			);
			defaultConfigurationIsVisible = 0;
			defaultConfigurationName = Release;
		};
		95A9CC982026AEB4005CAF67 /* Build configuration list for PBXNativeTarget "Word Garden" */ = {
			isa = XCConfigurationList;
			buildConfigurations = (
				95A9CC992026AEB4005CAF67 /* Debug */,
				95A9CC9A2026AEB4005CAF67 /* Release */,
			);
			defaultConfigurationIsVisible = 0;
			defaultConfigurationName = Release;
		};
		95A9CC9B2026AEB4005CAF67 /* Build configuration list for PBXNativeTarget "Word GardenTests" */ = {
			isa = XCConfigurationList;
			buildConfigurations = (
				95A9CC9C2026AEB4005CAF67 /* Debug */,
				95A9CC9D2026AEB4005CAF67 /* Release */,
			);
			defaultConfigurationIsVisible = 0;
			defaultConfigurationName = Release;
		};
/* End XCConfigurationList section */
	};
	rootObject = 95A9CC732026AEB4005CAF67 /* Project object */;
}
